// !$*UTF8*$!
{
	archiveVersion = 1;
	classes = {
	};
	objectVersion = 46;
	objects = {

/* Begin PBXBuildFile section */
		A5E6619F1AD59A160068392C /* tick.aiff in Resources */ = {isa = PBXBuildFile; fileRef = A5E6619E1AD59A160068392C /* tick.aiff */; };
		A5E661A11AD5A0A30068392C /* click.wav in Resources */ = {isa = PBXBuildFile; fileRef = A5E661A01AD5A0A30068392C /* click.wav */; };
		A5E661A41AD5A9750068392C /* ChildrenGame.m in Sources */ = {isa = PBXBuildFile; fileRef = A5E661A31AD5A9750068392C /* ChildrenGame.m */; };
		A5EB488D1AD2F318002BBCEE /* main.m in Sources */ = {isa = PBXBuildFile; fileRef = A5EB488C1AD2F318002BBCEE /* main.m */; };
		A5EB48901AD2F318002BBCEE /* AppDelegate.m in Sources */ = {isa = PBXBuildFile; fileRef = A5EB488F1AD2F318002BBCEE /* AppDelegate.m */; };
		A5EB48931AD2F318002BBCEE /* GameScene.m in Sources */ = {isa = PBXBuildFile; fileRef = A5EB48921AD2F318002BBCEE /* GameScene.m */; };
		A5EB48951AD2F318002BBCEE /* GameScene.sks in Resources */ = {isa = PBXBuildFile; fileRef = A5EB48941AD2F318002BBCEE /* GameScene.sks */; };
		A5EB48981AD2F318002BBCEE /* GameViewController.m in Sources */ = {isa = PBXBuildFile; fileRef = A5EB48971AD2F318002BBCEE /* GameViewController.m */; };
		A5EB489B1AD2F318002BBCEE /* Main.storyboard in Resources */ = {isa = PBXBuildFile; fileRef = A5EB48991AD2F318002BBCEE /* Main.storyboard */; };
		A5EB489D1AD2F318002BBCEE /* Images.xcassets in Resources */ = {isa = PBXBuildFile; fileRef = A5EB489C1AD2F318002BBCEE /* Images.xcassets */; };
		A5EB48A01AD2F318002BBCEE /* LaunchScreen.xib in Resources */ = {isa = PBXBuildFile; fileRef = A5EB489E1AD2F318002BBCEE /* LaunchScreen.xib */; };
		A5EB48AC1AD2F319002BBCEE /* FamilyWheelTests.m in Sources */ = {isa = PBXBuildFile; fileRef = A5EB48AB1AD2F319002BBCEE /* FamilyWheelTests.m */; };
		A5EB48B61AD32388002BBCEE /* Blur.fsh in Resources */ = {isa = PBXBuildFile; fileRef = A5EB48B51AD32388002BBCEE /* Blur.fsh */; };
		C61E46341AD7DEC300CF4C70 /* Roleta-02.png in Resources */ = {isa = PBXBuildFile; fileRef = C61E46331AD7DEC300CF4C70 /* Roleta-02.png */; };
		C61E463D1AD7E26A00CF4C70 /* Bariol_Bold_Italic.otf in Resources */ = {isa = PBXBuildFile; fileRef = C61E46351AD7E01D00CF4C70 /* Bariol_Bold_Italic.otf */; };
		C61E463E1AD7E26A00CF4C70 /* Bariol_Bold.otf in Resources */ = {isa = PBXBuildFile; fileRef = C61E46361AD7E01D00CF4C70 /* Bariol_Bold.otf */; };
		C61E463F1AD7E26A00CF4C70 /* Bariol_Light_Italic.otf in Resources */ = {isa = PBXBuildFile; fileRef = C61E46371AD7E01D00CF4C70 /* Bariol_Light_Italic.otf */; };
		C61E46401AD7E26A00CF4C70 /* Bariol_Light.otf in Resources */ = {isa = PBXBuildFile; fileRef = C61E46381AD7E01D00CF4C70 /* Bariol_Light.otf */; };
		C61E46411AD7E26A00CF4C70 /* Bariol_Regular_Italic.otf in Resources */ = {isa = PBXBuildFile; fileRef = C61E46391AD7E01D00CF4C70 /* Bariol_Regular_Italic.otf */; };
		C61E46421AD7E26A00CF4C70 /* Bariol_Thin_Italic.otf in Resources */ = {isa = PBXBuildFile; fileRef = C61E463A1AD7E01D00CF4C70 /* Bariol_Thin_Italic.otf */; };
		C61E46431AD7E26A00CF4C70 /* Bariol_Thin.otf in Resources */ = {isa = PBXBuildFile; fileRef = C61E463B1AD7E01D00CF4C70 /* Bariol_Thin.otf */; };
		C61E46541AD8289D00CF4C70 /* MemoriaScene.m in Sources */ = {isa = PBXBuildFile; fileRef = C61E46461AD8289D00CF4C70 /* MemoriaScene.m */; };
		C61E46551AD8289D00CF4C70 /* MemoriaScene.sks in Resources */ = {isa = PBXBuildFile; fileRef = C61E46471AD8289D00CF4C70 /* MemoriaScene.sks */; };
		C61E46561AD8289D00CF4C70 /* som_cachorro.mp3 in Resources */ = {isa = PBXBuildFile; fileRef = C61E46481AD8289D00CF4C70 /* som_cachorro.mp3 */; };
		C61E46571AD8289D00CF4C70 /* som_coruja.mp3 in Resources */ = {isa = PBXBuildFile; fileRef = C61E46491AD8289D00CF4C70 /* som_coruja.mp3 */; };
		C61E46581AD8289D00CF4C70 /* som_elefante.mp3 in Resources */ = {isa = PBXBuildFile; fileRef = C61E464A1AD8289D00CF4C70 /* som_elefante.mp3 */; };
		C61E46591AD8289D00CF4C70 /* som_galinha.mp3 in Resources */ = {isa = PBXBuildFile; fileRef = C61E464B1AD8289D00CF4C70 /* som_galinha.mp3 */; };
		C61E465A1AD8289D00CF4C70 /* som_gato.mp3 in Resources */ = {isa = PBXBuildFile; fileRef = C61E464C1AD8289D00CF4C70 /* som_gato.mp3 */; };
		C61E465B1AD8289D00CF4C70 /* som_leoa.mp3 in Resources */ = {isa = PBXBuildFile; fileRef = C61E464D1AD8289D00CF4C70 /* som_leoa.mp3 */; };
		C61E465C1AD8289D00CF4C70 /* som_macaco.mp3 in Resources */ = {isa = PBXBuildFile; fileRef = C61E464E1AD8289D00CF4C70 /* som_macaco.mp3 */; };
		C61E465D1AD8289D00CF4C70 /* som_ovelha.mp3 in Resources */ = {isa = PBXBuildFile; fileRef = C61E464F1AD8289D00CF4C70 /* som_ovelha.mp3 */; };
		C61E465E1AD8289D00CF4C70 /* som_pato.mp3 in Resources */ = {isa = PBXBuildFile; fileRef = C61E46501AD8289D00CF4C70 /* som_pato.mp3 */; };
		C61E465F1AD8289D00CF4C70 /* som_pinto.mp3 in Resources */ = {isa = PBXBuildFile; fileRef = C61E46511AD8289D00CF4C70 /* som_pinto.mp3 */; };
		C61E46601AD8289D00CF4C70 /* som_porco.mp3 in Resources */ = {isa = PBXBuildFile; fileRef = C61E46521AD8289D00CF4C70 /* som_porco.mp3 */; };
		C61E46611AD8289D00CF4C70 /* som_vaca.mp3 in Resources */ = {isa = PBXBuildFile; fileRef = C61E46531AD8289D00CF4C70 /* som_vaca.mp3 */; };
		C61E46631AD828AC00CF4C70 /* Memoria.xcassets in Resources */ = {isa = PBXBuildFile; fileRef = C61E46621AD828AC00CF4C70 /* Memoria.xcassets */; };
		C61E46661AD828DD00CF4C70 /* Animal.m in Sources */ = {isa = PBXBuildFile; fileRef = C61E46651AD828DD00CF4C70 /* Animal.m */; };
		EEE2BCBD1AD8403B0023CF41 /* Bariol_Regular.otf in Resources */ = {isa = PBXBuildFile; fileRef = EEE2BCBC1AD840110023CF41 /* Bariol_Regular.otf */; };
/* End PBXBuildFile section */

/* Begin PBXContainerItemProxy section */
		A5EB48A61AD2F319002BBCEE /* PBXContainerItemProxy */ = {
			isa = PBXContainerItemProxy;
			containerPortal = A5EB487F1AD2F318002BBCEE /* Project object */;
			proxyType = 1;
			remoteGlobalIDString = A5EB48861AD2F318002BBCEE;
			remoteInfo = FamilyWheel;
		};
/* End PBXContainerItemProxy section */

/* Begin PBXFileReference section */
		A5E6619E1AD59A160068392C /* tick.aiff */ = {isa = PBXFileReference; lastKnownFileType = audio.aiff; path = tick.aiff; sourceTree = "<group>"; };
		A5E661A01AD5A0A30068392C /* click.wav */ = {isa = PBXFileReference; lastKnownFileType = audio.wav; path = click.wav; sourceTree = "<group>"; };
		A5E661A21AD5A9750068392C /* ChildrenGame.h */ = {isa = PBXFileReference; fileEncoding = 4; lastKnownFileType = sourcecode.c.h; path = ChildrenGame.h; sourceTree = "<group>"; };
		A5E661A31AD5A9750068392C /* ChildrenGame.m */ = {isa = PBXFileReference; fileEncoding = 4; lastKnownFileType = sourcecode.c.objc; path = ChildrenGame.m; sourceTree = "<group>"; };
		A5EB48871AD2F318002BBCEE /* Rodina.app */ = {isa = PBXFileReference; explicitFileType = wrapper.application; includeInIndex = 0; path = Rodina.app; sourceTree = BUILT_PRODUCTS_DIR; };
		A5EB488B1AD2F318002BBCEE /* Info.plist */ = {isa = PBXFileReference; lastKnownFileType = text.plist.xml; path = Info.plist; sourceTree = "<group>"; };
		A5EB488C1AD2F318002BBCEE /* main.m */ = {isa = PBXFileReference; lastKnownFileType = sourcecode.c.objc; path = main.m; sourceTree = "<group>"; };
		A5EB488E1AD2F318002BBCEE /* AppDelegate.h */ = {isa = PBXFileReference; lastKnownFileType = sourcecode.c.h; path = AppDelegate.h; sourceTree = "<group>"; };
		A5EB488F1AD2F318002BBCEE /* AppDelegate.m */ = {isa = PBXFileReference; lastKnownFileType = sourcecode.c.objc; path = AppDelegate.m; sourceTree = "<group>"; };
		A5EB48911AD2F318002BBCEE /* GameScene.h */ = {isa = PBXFileReference; lastKnownFileType = sourcecode.c.h; path = GameScene.h; sourceTree = "<group>"; };
		A5EB48921AD2F318002BBCEE /* GameScene.m */ = {isa = PBXFileReference; lastKnownFileType = sourcecode.c.objc; path = GameScene.m; sourceTree = "<group>"; };
		A5EB48941AD2F318002BBCEE /* GameScene.sks */ = {isa = PBXFileReference; lastKnownFileType = file.sks; path = GameScene.sks; sourceTree = "<group>"; };
		A5EB48961AD2F318002BBCEE /* GameViewController.h */ = {isa = PBXFileReference; lastKnownFileType = sourcecode.c.h; path = GameViewController.h; sourceTree = "<group>"; };
		A5EB48971AD2F318002BBCEE /* GameViewController.m */ = {isa = PBXFileReference; lastKnownFileType = sourcecode.c.objc; path = GameViewController.m; sourceTree = "<group>"; };
		A5EB489A1AD2F318002BBCEE /* Base */ = {isa = PBXFileReference; lastKnownFileType = file.storyboard; name = Base; path = Base.lproj/Main.storyboard; sourceTree = "<group>"; };
		A5EB489C1AD2F318002BBCEE /* Images.xcassets */ = {isa = PBXFileReference; lastKnownFileType = folder.assetcatalog; path = Images.xcassets; sourceTree = "<group>"; };
		A5EB489F1AD2F318002BBCEE /* Base */ = {isa = PBXFileReference; lastKnownFileType = file.xib; name = Base; path = Base.lproj/LaunchScreen.xib; sourceTree = "<group>"; };
		A5EB48A51AD2F319002BBCEE /* RodinaTests.xctest */ = {isa = PBXFileReference; explicitFileType = wrapper.cfbundle; includeInIndex = 0; path = RodinaTests.xctest; sourceTree = BUILT_PRODUCTS_DIR; };
		A5EB48AA1AD2F319002BBCEE /* Info.plist */ = {isa = PBXFileReference; lastKnownFileType = text.plist.xml; path = Info.plist; sourceTree = "<group>"; };
		A5EB48AB1AD2F319002BBCEE /* FamilyWheelTests.m */ = {isa = PBXFileReference; lastKnownFileType = sourcecode.c.objc; path = FamilyWheelTests.m; sourceTree = "<group>"; };
		A5EB48B51AD32388002BBCEE /* Blur.fsh */ = {isa = PBXFileReference; fileEncoding = 4; lastKnownFileType = sourcecode.glsl; path = Blur.fsh; sourceTree = "<group>"; };
		C61E46331AD7DEC300CF4C70 /* Roleta-02.png */ = {isa = PBXFileReference; lastKnownFileType = image.png; path = "Roleta-02.png"; sourceTree = "<group>"; };
		C61E46351AD7E01D00CF4C70 /* Bariol_Bold_Italic.otf */ = {isa = PBXFileReference; lastKnownFileType = file; path = Bariol_Bold_Italic.otf; sourceTree = "<group>"; };
		C61E46361AD7E01D00CF4C70 /* Bariol_Bold.otf */ = {isa = PBXFileReference; lastKnownFileType = file; path = Bariol_Bold.otf; sourceTree = "<group>"; };
		C61E46371AD7E01D00CF4C70 /* Bariol_Light_Italic.otf */ = {isa = PBXFileReference; lastKnownFileType = file; path = Bariol_Light_Italic.otf; sourceTree = "<group>"; };
		C61E46381AD7E01D00CF4C70 /* Bariol_Light.otf */ = {isa = PBXFileReference; lastKnownFileType = file; path = Bariol_Light.otf; sourceTree = "<group>"; };
		C61E46391AD7E01D00CF4C70 /* Bariol_Regular_Italic.otf */ = {isa = PBXFileReference; lastKnownFileType = file; path = Bariol_Regular_Italic.otf; sourceTree = "<group>"; };
		C61E463A1AD7E01D00CF4C70 /* Bariol_Thin_Italic.otf */ = {isa = PBXFileReference; lastKnownFileType = file; path = Bariol_Thin_Italic.otf; sourceTree = "<group>"; };
		C61E463B1AD7E01D00CF4C70 /* Bariol_Thin.otf */ = {isa = PBXFileReference; lastKnownFileType = file; path = Bariol_Thin.otf; sourceTree = "<group>"; };
		C61E46451AD8289D00CF4C70 /* MemoriaScene.h */ = {isa = PBXFileReference; fileEncoding = 4; lastKnownFileType = sourcecode.c.h; path = MemoriaScene.h; sourceTree = "<group>"; };
		C61E46461AD8289D00CF4C70 /* MemoriaScene.m */ = {isa = PBXFileReference; fileEncoding = 4; lastKnownFileType = sourcecode.c.objc; path = MemoriaScene.m; sourceTree = "<group>"; };
		C61E46471AD8289D00CF4C70 /* MemoriaScene.sks */ = {isa = PBXFileReference; lastKnownFileType = file.sks; path = MemoriaScene.sks; sourceTree = "<group>"; };
		C61E46481AD8289D00CF4C70 /* som_cachorro.mp3 */ = {isa = PBXFileReference; lastKnownFileType = audio.mp3; path = som_cachorro.mp3; sourceTree = "<group>"; };
		C61E46491AD8289D00CF4C70 /* som_coruja.mp3 */ = {isa = PBXFileReference; lastKnownFileType = audio.mp3; path = som_coruja.mp3; sourceTree = "<group>"; };
		C61E464A1AD8289D00CF4C70 /* som_elefante.mp3 */ = {isa = PBXFileReference; lastKnownFileType = audio.mp3; path = som_elefante.mp3; sourceTree = "<group>"; };
		C61E464B1AD8289D00CF4C70 /* som_galinha.mp3 */ = {isa = PBXFileReference; lastKnownFileType = audio.mp3; path = som_galinha.mp3; sourceTree = "<group>"; };
		C61E464C1AD8289D00CF4C70 /* som_gato.mp3 */ = {isa = PBXFileReference; lastKnownFileType = audio.mp3; path = som_gato.mp3; sourceTree = "<group>"; };
		C61E464D1AD8289D00CF4C70 /* som_leoa.mp3 */ = {isa = PBXFileReference; lastKnownFileType = audio.mp3; path = som_leoa.mp3; sourceTree = "<group>"; };
		C61E464E1AD8289D00CF4C70 /* som_macaco.mp3 */ = {isa = PBXFileReference; lastKnownFileType = audio.mp3; path = som_macaco.mp3; sourceTree = "<group>"; };
		C61E464F1AD8289D00CF4C70 /* som_ovelha.mp3 */ = {isa = PBXFileReference; lastKnownFileType = audio.mp3; path = som_ovelha.mp3; sourceTree = "<group>"; };
		C61E46501AD8289D00CF4C70 /* som_pato.mp3 */ = {isa = PBXFileReference; lastKnownFileType = audio.mp3; path = som_pato.mp3; sourceTree = "<group>"; };
		C61E46511AD8289D00CF4C70 /* som_pinto.mp3 */ = {isa = PBXFileReference; lastKnownFileType = audio.mp3; path = som_pinto.mp3; sourceTree = "<group>"; };
		C61E46521AD8289D00CF4C70 /* som_porco.mp3 */ = {isa = PBXFileReference; lastKnownFileType = audio.mp3; path = som_porco.mp3; sourceTree = "<group>"; };
		C61E46531AD8289D00CF4C70 /* som_vaca.mp3 */ = {isa = PBXFileReference; lastKnownFileType = audio.mp3; path = som_vaca.mp3; sourceTree = "<group>"; };
		C61E46621AD828AC00CF4C70 /* Memoria.xcassets */ = {isa = PBXFileReference; lastKnownFileType = folder.assetcatalog; path = Memoria.xcassets; sourceTree = "<group>"; };
		C61E46641AD828DD00CF4C70 /* Animal.h */ = {isa = PBXFileReference; fileEncoding = 4; lastKnownFileType = sourcecode.c.h; path = Animal.h; sourceTree = "<group>"; };
		C61E46651AD828DD00CF4C70 /* Animal.m */ = {isa = PBXFileReference; fileEncoding = 4; lastKnownFileType = sourcecode.c.objc; path = Animal.m; sourceTree = "<group>"; };
		EEE2BCBC1AD840110023CF41 /* Bariol_Regular.otf */ = {isa = PBXFileReference; lastKnownFileType = file; path = Bariol_Regular.otf; sourceTree = "<group>"; };
/* End PBXFileReference section */

/* Begin PBXFrameworksBuildPhase section */
		A5EB48841AD2F318002BBCEE /* Frameworks */ = {
			isa = PBXFrameworksBuildPhase;
			buildActionMask = 2147483647;
			files = (
			);
			runOnlyForDeploymentPostprocessing = 0;
		};
		A5EB48A21AD2F319002BBCEE /* Frameworks */ = {
			isa = PBXFrameworksBuildPhase;
			buildActionMask = 2147483647;
			files = (
			);
			runOnlyForDeploymentPostprocessing = 0;
		};
/* End PBXFrameworksBuildPhase section */

/* Begin PBXGroup section */
		A5EB487E1AD2F318002BBCEE = {
			isa = PBXGroup;
			children = (
				A5EB48891AD2F318002BBCEE /* FamilyWheel */,
				A5EB48A81AD2F319002BBCEE /* FamilyWheelTests */,
				A5EB48881AD2F318002BBCEE /* Products */,
			);
			sourceTree = "<group>";
		};
		A5EB48881AD2F318002BBCEE /* Products */ = {
			isa = PBXGroup;
			children = (
				A5EB48871AD2F318002BBCEE /* Rodina.app */,
				A5EB48A51AD2F319002BBCEE /* RodinaTests.xctest */,
			);
			name = Products;
			sourceTree = "<group>";
		};
		A5EB48891AD2F318002BBCEE /* FamilyWheel */ = {
			isa = PBXGroup;
			children = (
				A5EB488E1AD2F318002BBCEE /* AppDelegate.h */,
				A5EB488F1AD2F318002BBCEE /* AppDelegate.m */,
				A5EB48911AD2F318002BBCEE /* GameScene.h */,
				A5EB48921AD2F318002BBCEE /* GameScene.m */,
				A5EB48941AD2F318002BBCEE /* GameScene.sks */,
				A5EB48961AD2F318002BBCEE /* GameViewController.h */,
				A5EB48971AD2F318002BBCEE /* GameViewController.m */,
				A5E661A21AD5A9750068392C /* ChildrenGame.h */,
				A5E661A31AD5A9750068392C /* ChildrenGame.m */,
				A5EB48991AD2F318002BBCEE /* Main.storyboard */,
				C61E46331AD7DEC300CF4C70 /* Roleta-02.png */,
				A5EB489C1AD2F318002BBCEE /* Images.xcassets */,
				A5EB489E1AD2F318002BBCEE /* LaunchScreen.xib */,
				A5EB48B51AD32388002BBCEE /* Blur.fsh */,
				A5E6619E1AD59A160068392C /* tick.aiff */,
				A5E661A01AD5A0A30068392C /* click.wav */,
				C61E46441AD827FE00CF4C70 /* Games */,
				A5EB488A1AD2F318002BBCEE /* Supporting Files */,
			);
			path = FamilyWheel;
			sourceTree = "<group>";
		};
		A5EB488A1AD2F318002BBCEE /* Supporting Files */ = {
			isa = PBXGroup;
			children = (
				C61E463C1AD7E24900CF4C70 /* Fonts */,
				A5EB488B1AD2F318002BBCEE /* Info.plist */,
				A5EB488C1AD2F318002BBCEE /* main.m */,
			);
			name = "Supporting Files";
			sourceTree = "<group>";
		};
		A5EB48A81AD2F319002BBCEE /* FamilyWheelTests */ = {
			isa = PBXGroup;
			children = (
				A5EB48AB1AD2F319002BBCEE /* FamilyWheelTests.m */,
				A5EB48A91AD2F319002BBCEE /* Supporting Files */,
			);
			path = FamilyWheelTests;
			sourceTree = "<group>";
		};
		A5EB48A91AD2F319002BBCEE /* Supporting Files */ = {
			isa = PBXGroup;
			children = (
				A5EB48AA1AD2F319002BBCEE /* Info.plist */,
			);
			name = "Supporting Files";
			sourceTree = "<group>";
		};
		C61E463C1AD7E24900CF4C70 /* Fonts */ = {
			isa = PBXGroup;
			children = (
				EEE2BCBC1AD840110023CF41 /* Bariol_Regular.otf */,
				C61E46351AD7E01D00CF4C70 /* Bariol_Bold_Italic.otf */,
				C61E46361AD7E01D00CF4C70 /* Bariol_Bold.otf */,
				C61E46371AD7E01D00CF4C70 /* Bariol_Light_Italic.otf */,
				C61E46381AD7E01D00CF4C70 /* Bariol_Light.otf */,
				C61E46391AD7E01D00CF4C70 /* Bariol_Regular_Italic.otf */,
				C61E463A1AD7E01D00CF4C70 /* Bariol_Thin_Italic.otf */,
				C61E463B1AD7E01D00CF4C70 /* Bariol_Thin.otf */,
			);
			name = Fonts;
			sourceTree = "<group>";
		};
		C61E46441AD827FE00CF4C70 /* Games */ = {
			isa = PBXGroup;
			children = (
				C61E46641AD828DD00CF4C70 /* Animal.h */,
				C61E46651AD828DD00CF4C70 /* Animal.m */,
				C61E46621AD828AC00CF4C70 /* Memoria.xcassets */,
				C61E46451AD8289D00CF4C70 /* MemoriaScene.h */,
				C61E46461AD8289D00CF4C70 /* MemoriaScene.m */,
				C61E46471AD8289D00CF4C70 /* MemoriaScene.sks */,
				C61E46481AD8289D00CF4C70 /* som_cachorro.mp3 */,
				C61E46491AD8289D00CF4C70 /* som_coruja.mp3 */,
				C61E464A1AD8289D00CF4C70 /* som_elefante.mp3 */,
				C61E464B1AD8289D00CF4C70 /* som_galinha.mp3 */,
				C61E464C1AD8289D00CF4C70 /* som_gato.mp3 */,
				C61E464D1AD8289D00CF4C70 /* som_leoa.mp3 */,
				C61E464E1AD8289D00CF4C70 /* som_macaco.mp3 */,
				C61E464F1AD8289D00CF4C70 /* som_ovelha.mp3 */,
				C61E46501AD8289D00CF4C70 /* som_pato.mp3 */,
				C61E46511AD8289D00CF4C70 /* som_pinto.mp3 */,
				C61E46521AD8289D00CF4C70 /* som_porco.mp3 */,
				C61E46531AD8289D00CF4C70 /* som_vaca.mp3 */,
			);
			name = Games;
			sourceTree = "<group>";
		};
/* End PBXGroup section */

/* Begin PBXNativeTarget section */
		A5EB48861AD2F318002BBCEE /* Rodina */ = {
			isa = PBXNativeTarget;
			buildConfigurationList = A5EB48AF1AD2F319002BBCEE /* Build configuration list for PBXNativeTarget "Rodina" */;
			buildPhases = (
				A5EB48831AD2F318002BBCEE /* Sources */,
				A5EB48841AD2F318002BBCEE /* Frameworks */,
				A5EB48851AD2F318002BBCEE /* Resources */,
			);
			buildRules = (
			);
			dependencies = (
			);
			name = Rodina;
			productName = FamilyWheel;
			productReference = A5EB48871AD2F318002BBCEE /* Rodina.app */;
			productType = "com.apple.product-type.application";
		};
		A5EB48A41AD2F319002BBCEE /* RodinaTests */ = {
			isa = PBXNativeTarget;
			buildConfigurationList = A5EB48B21AD2F319002BBCEE /* Build configuration list for PBXNativeTarget "RodinaTests" */;
			buildPhases = (
				A5EB48A11AD2F319002BBCEE /* Sources */,
				A5EB48A21AD2F319002BBCEE /* Frameworks */,
				A5EB48A31AD2F319002BBCEE /* Resources */,
			);
			buildRules = (
			);
			dependencies = (
				A5EB48A71AD2F319002BBCEE /* PBXTargetDependency */,
			);
			name = RodinaTests;
			productName = FamilyWheelTests;
			productReference = A5EB48A51AD2F319002BBCEE /* RodinaTests.xctest */;
			productType = "com.apple.product-type.bundle.unit-test";
		};
/* End PBXNativeTarget section */

/* Begin PBXProject section */
		A5EB487F1AD2F318002BBCEE /* Project object */ = {
			isa = PBXProject;
			attributes = {
				LastUpgradeCheck = 0620;
				ORGANIZATIONNAME = BEPiD;
				TargetAttributes = {
					A5EB48861AD2F318002BBCEE = {
						CreatedOnToolsVersion = 6.2;
						DevelopmentTeam = ZJ6DEZHYRU;
					};
					A5EB48A41AD2F319002BBCEE = {
						CreatedOnToolsVersion = 6.2;
						DevelopmentTeam = ZJ6DEZHYRU;
						TestTargetID = A5EB48861AD2F318002BBCEE;
					};
				};
			};
			buildConfigurationList = A5EB48821AD2F318002BBCEE /* Build configuration list for PBXProject "Rodina" */;
			compatibilityVersion = "Xcode 3.2";
			developmentRegion = English;
			hasScannedForEncodings = 0;
			knownRegions = (
				en,
				Base,
			);
			mainGroup = A5EB487E1AD2F318002BBCEE;
			productRefGroup = A5EB48881AD2F318002BBCEE /* Products */;
			projectDirPath = "";
			projectRoot = "";
			targets = (
				A5EB48861AD2F318002BBCEE /* Rodina */,
				A5EB48A41AD2F319002BBCEE /* RodinaTests */,
			);
		};
/* End PBXProject section */

/* Begin PBXResourcesBuildPhase section */
		A5EB48851AD2F318002BBCEE /* Resources */ = {
			isa = PBXResourcesBuildPhase;
			buildActionMask = 2147483647;
			files = (
				EEE2BCBD1AD8403B0023CF41 /* Bariol_Regular.otf in Resources */,
				A5EB48A01AD2F318002BBCEE /* LaunchScreen.xib in Resources */,
				C61E465D1AD8289D00CF4C70 /* som_ovelha.mp3 in Resources */,
				A5E661A11AD5A0A30068392C /* click.wav in Resources */,
				A5EB489D1AD2F318002BBCEE /* Images.xcassets in Resources */,
				C61E46401AD7E26A00CF4C70 /* Bariol_Light.otf in Resources */,
				C61E46631AD828AC00CF4C70 /* Memoria.xcassets in Resources */,
				C61E46581AD8289D00CF4C70 /* som_elefante.mp3 in Resources */,
				C61E465C1AD8289D00CF4C70 /* som_macaco.mp3 in Resources */,
				C61E463F1AD7E26A00CF4C70 /* Bariol_Light_Italic.otf in Resources */,
				A5E6619F1AD59A160068392C /* tick.aiff in Resources */,
				A5EB48951AD2F318002BBCEE /* GameScene.sks in Resources */,
				C61E465E1AD8289D00CF4C70 /* som_pato.mp3 in Resources */,
				C61E465F1AD8289D00CF4C70 /* som_pinto.mp3 in Resources */,
				C61E46601AD8289D00CF4C70 /* som_porco.mp3 in Resources */,
				C61E46551AD8289D00CF4C70 /* MemoriaScene.sks in Resources */,
				C61E463D1AD7E26A00CF4C70 /* Bariol_Bold_Italic.otf in Resources */,
				A5EB489B1AD2F318002BBCEE /* Main.storyboard in Resources */,
				C61E465B1AD8289D00CF4C70 /* som_leoa.mp3 in Resources */,
				C61E46341AD7DEC300CF4C70 /* Roleta-02.png in Resources */,
				C61E465A1AD8289D00CF4C70 /* som_gato.mp3 in Resources */,
				C61E46611AD8289D00CF4C70 /* som_vaca.mp3 in Resources */,
				C61E46431AD7E26A00CF4C70 /* Bariol_Thin.otf in Resources */,
				C61E46571AD8289D00CF4C70 /* som_coruja.mp3 in Resources */,
				A5EB48B61AD32388002BBCEE /* Blur.fsh in Resources */,
				C61E46591AD8289D00CF4C70 /* som_galinha.mp3 in Resources */,
				C61E46421AD7E26A00CF4C70 /* Bariol_Thin_Italic.otf in Resources */,
				C61E46561AD8289D00CF4C70 /* som_cachorro.mp3 in Resources */,
				C61E46411AD7E26A00CF4C70 /* Bariol_Regular_Italic.otf in Resources */,
				C61E463E1AD7E26A00CF4C70 /* Bariol_Bold.otf in Resources */,
			);
			runOnlyForDeploymentPostprocessing = 0;
		};
		A5EB48A31AD2F319002BBCEE /* Resources */ = {
			isa = PBXResourcesBuildPhase;
			buildActionMask = 2147483647;
			files = (
			);
			runOnlyForDeploymentPostprocessing = 0;
		};
/* End PBXResourcesBuildPhase section */

/* Begin PBXSourcesBuildPhase section */
		A5EB48831AD2F318002BBCEE /* Sources */ = {
			isa = PBXSourcesBuildPhase;
			buildActionMask = 2147483647;
			files = (
				A5EB48981AD2F318002BBCEE /* GameViewController.m in Sources */,
				A5EB48901AD2F318002BBCEE /* AppDelegate.m in Sources */,
				A5E661A41AD5A9750068392C /* ChildrenGame.m in Sources */,
				C61E46541AD8289D00CF4C70 /* MemoriaScene.m in Sources */,
				C61E46661AD828DD00CF4C70 /* Animal.m in Sources */,
				A5EB48931AD2F318002BBCEE /* GameScene.m in Sources */,
				A5EB488D1AD2F318002BBCEE /* main.m in Sources */,
			);
			runOnlyForDeploymentPostprocessing = 0;
		};
		A5EB48A11AD2F319002BBCEE /* Sources */ = {
			isa = PBXSourcesBuildPhase;
			buildActionMask = 2147483647;
			files = (
				A5EB48AC1AD2F319002BBCEE /* FamilyWheelTests.m in Sources */,
			);
			runOnlyForDeploymentPostprocessing = 0;
		};
/* End PBXSourcesBuildPhase section */

/* Begin PBXTargetDependency section */
		A5EB48A71AD2F319002BBCEE /* PBXTargetDependency */ = {
			isa = PBXTargetDependency;
			target = A5EB48861AD2F318002BBCEE /* Rodina */;
			targetProxy = A5EB48A61AD2F319002BBCEE /* PBXContainerItemProxy */;
		};
/* End PBXTargetDependency section */

/* Begin PBXVariantGroup section */
		A5EB48991AD2F318002BBCEE /* Main.storyboard */ = {
			isa = PBXVariantGroup;
			children = (
				A5EB489A1AD2F318002BBCEE /* Base */,
			);
			name = Main.storyboard;
			sourceTree = "<group>";
		};
		A5EB489E1AD2F318002BBCEE /* LaunchScreen.xib */ = {
			isa = PBXVariantGroup;
			children = (
				A5EB489F1AD2F318002BBCEE /* Base */,
			);
			name = LaunchScreen.xib;
			sourceTree = "<group>";
		};
/* End PBXVariantGroup section */

/* Begin XCBuildConfiguration section */
		A5EB48AD1AD2F319002BBCEE /* Debug */ = {
			isa = XCBuildConfiguration;
			buildSettings = {
				ALWAYS_SEARCH_USER_PATHS = NO;
				CLANG_CXX_LANGUAGE_STANDARD = "gnu++0x";
				CLANG_CXX_LIBRARY = "libc++";
				CLANG_ENABLE_MODULES = YES;
				CLANG_ENABLE_OBJC_ARC = YES;
				CLANG_WARN_BOOL_CONVERSION = YES;
				CLANG_WARN_CONSTANT_CONVERSION = YES;
				CLANG_WARN_DIRECT_OBJC_ISA_USAGE = YES_ERROR;
				CLANG_WARN_EMPTY_BODY = YES;
				CLANG_WARN_ENUM_CONVERSION = YES;
				CLANG_WARN_INT_CONVERSION = YES;
				CLANG_WARN_OBJC_ROOT_CLASS = YES_ERROR;
				CLANG_WARN_UNREACHABLE_CODE = YES;
				CLANG_WARN__DUPLICATE_METHOD_MATCH = YES;
				"CODE_SIGN_IDENTITY[sdk=iphoneos*]" = "iPhone Developer";
				COPY_PHASE_STRIP = NO;
				ENABLE_STRICT_OBJC_MSGSEND = YES;
				GCC_C_LANGUAGE_STANDARD = gnu99;
				GCC_DYNAMIC_NO_PIC = NO;
				GCC_OPTIMIZATION_LEVEL = 0;
				GCC_PREPROCESSOR_DEFINITIONS = (
					"DEBUG=1",
					"$(inherited)",
				);
				GCC_SYMBOLS_PRIVATE_EXTERN = NO;
				GCC_WARN_64_TO_32_BIT_CONVERSION = YES;
				GCC_WARN_ABOUT_RETURN_TYPE = YES_ERROR;
				GCC_WARN_UNDECLARED_SELECTOR = YES;
				GCC_WARN_UNINITIALIZED_AUTOS = YES_AGGRESSIVE;
				GCC_WARN_UNUSED_FUNCTION = YES;
				GCC_WARN_UNUSED_VARIABLE = YES;
				IPHONEOS_DEPLOYMENT_TARGET = 8.2;
				MTL_ENABLE_DEBUG_INFO = YES;
				ONLY_ACTIVE_ARCH = YES;
				SDKROOT = iphoneos;
				TARGETED_DEVICE_FAMILY = "1,2";
			};
			name = Debug;
		};
		A5EB48AE1AD2F319002BBCEE /* Release */ = {
			isa = XCBuildConfiguration;
			buildSettings = {
				ALWAYS_SEARCH_USER_PATHS = NO;
				CLANG_CXX_LANGUAGE_STANDARD = "gnu++0x";
				CLANG_CXX_LIBRARY = "libc++";
				CLANG_ENABLE_MODULES = YES;
				CLANG_ENABLE_OBJC_ARC = YES;
				CLANG_WARN_BOOL_CONVERSION = YES;
				CLANG_WARN_CONSTANT_CONVERSION = YES;
				CLANG_WARN_DIRECT_OBJC_ISA_USAGE = YES_ERROR;
				CLANG_WARN_EMPTY_BODY = YES;
				CLANG_WARN_ENUM_CONVERSION = YES;
				CLANG_WARN_INT_CONVERSION = YES;
				CLANG_WARN_OBJC_ROOT_CLASS = YES_ERROR;
				CLANG_WARN_UNREACHABLE_CODE = YES;
				CLANG_WARN__DUPLICATE_METHOD_MATCH = YES;
				"CODE_SIGN_IDENTITY[sdk=iphoneos*]" = "iPhone Developer";
				COPY_PHASE_STRIP = NO;
				ENABLE_NS_ASSERTIONS = NO;
				ENABLE_STRICT_OBJC_MSGSEND = YES;
				GCC_C_LANGUAGE_STANDARD = gnu99;
				GCC_WARN_64_TO_32_BIT_CONVERSION = YES;
				GCC_WARN_ABOUT_RETURN_TYPE = YES_ERROR;
				GCC_WARN_UNDECLARED_SELECTOR = YES;
				GCC_WARN_UNINITIALIZED_AUTOS = YES_AGGRESSIVE;
				GCC_WARN_UNUSED_FUNCTION = YES;
				GCC_WARN_UNUSED_VARIABLE = YES;
				IPHONEOS_DEPLOYMENT_TARGET = 8.2;
				MTL_ENABLE_DEBUG_INFO = NO;
				SDKROOT = iphoneos;
				TARGETED_DEVICE_FAMILY = "1,2";
				VALIDATE_PRODUCT = YES;
			};
			name = Release;
		};
		A5EB48B01AD2F319002BBCEE /* Debug */ = {
			isa = XCBuildConfiguration;
			buildSettings = {
				ASSETCATALOG_COMPILER_APPICON_NAME = AppIcon;
				CODE_SIGN_IDENTITY = "iPhone Developer";
				INFOPLIST_FILE = FamilyWheel/Info.plist;
				LD_RUNPATH_SEARCH_PATHS = "$(inherited) @executable_path/Frameworks";
				PRODUCT_NAME = Rodina;
				TARGETED_DEVICE_FAMILY = "1,2";
			};
			name = Debug;
		};
		A5EB48B11AD2F319002BBCEE /* Release */ = {
			isa = XCBuildConfiguration;
			buildSettings = {
				ASSETCATALOG_COMPILER_APPICON_NAME = AppIcon;
				CODE_SIGN_IDENTITY = "iPhone Developer";
				INFOPLIST_FILE = FamilyWheel/Info.plist;
				LD_RUNPATH_SEARCH_PATHS = "$(inherited) @executable_path/Frameworks";
				PRODUCT_NAME = Rodina;
				TARGETED_DEVICE_FAMILY = "1,2";
			};
			name = Release;
		};
		A5EB48B31AD2F319002BBCEE /* Debug */ = {
			isa = XCBuildConfiguration;
			buildSettings = {
				BUNDLE_LOADER = "$(TEST_HOST)";
				FRAMEWORK_SEARCH_PATHS = (
					"$(SDKROOT)/Developer/Library/Frameworks",
					"$(inherited)",
				);
				GCC_PREPROCESSOR_DEFINITIONS = (
					"DEBUG=1",
					"$(inherited)",
				);
				INFOPLIST_FILE = FamilyWheelTests/Info.plist;
				LD_RUNPATH_SEARCH_PATHS = "$(inherited) @executable_path/Frameworks @loader_path/Frameworks";
				PRODUCT_NAME = RodinaTests;
				TEST_HOST = "$(BUILT_PRODUCTS_DIR)/Rodina.app/Rodina";
			};
			name = Debug;
		};
		A5EB48B41AD2F319002BBCEE /* Release */ = {
			isa = XCBuildConfiguration;
			buildSettings = {
				BUNDLE_LOADER = "$(TEST_HOST)";
				FRAMEWORK_SEARCH_PATHS = (
					"$(SDKROOT)/Developer/Library/Frameworks",
					"$(inherited)",
				);
				INFOPLIST_FILE = FamilyWheelTests/Info.plist;
				LD_RUNPATH_SEARCH_PATHS = "$(inherited) @executable_path/Frameworks @loader_path/Frameworks";
				PRODUCT_NAME = RodinaTests;
				TEST_HOST = "$(BUILT_PRODUCTS_DIR)/Rodina.app/Rodina";
			};
			name = Release;
		};
/* End XCBuildConfiguration section */

/* Begin XCConfigurationList section */
		A5EB48821AD2F318002BBCEE /* Build configuration list for PBXProject "Rodina" */ = {
			isa = XCConfigurationList;
			buildConfigurations = (
				A5EB48AD1AD2F319002BBCEE /* Debug */,
				A5EB48AE1AD2F319002BBCEE /* Release */,
			);
			defaultConfigurationIsVisible = 0;
			defaultConfigurationName = Release;
		};
		A5EB48AF1AD2F319002BBCEE /* Build configuration list for PBXNativeTarget "Rodina" */ = {
			isa = XCConfigurationList;
			buildConfigurations = (
				A5EB48B01AD2F319002BBCEE /* Debug */,
				A5EB48B11AD2F319002BBCEE /* Release */,
			);
			defaultConfigurationIsVisible = 0;
			defaultConfigurationName = Release;
		};
		A5EB48B21AD2F319002BBCEE /* Build configuration list for PBXNativeTarget "RodinaTests" */ = {
			isa = XCConfigurationList;
			buildConfigurations = (
				A5EB48B31AD2F319002BBCEE /* Debug */,
				A5EB48B41AD2F319002BBCEE /* Release */,
			);
			defaultConfigurationIsVisible = 0;
			defaultConfigurationName = Release;
		};
/* End XCConfigurationList section */
	};
	rootObject = A5EB487F1AD2F318002BBCEE /* Project object */;
}
